{
  "name": "types-c3",
  "version": "0.1.0",
  "lockfileVersion": 1,
  "requires": true,
  "dependencies": {
    "@types/d3": {
      "version": "3.5.41",
      "resolved": "https://registry.npmjs.org/@types/d3/-/d3-3.5.41.tgz",
      "integrity": "sha512-dInnr7nSPsofnLggOf70xvsInUjf3tRrE8XmxsioXALWQHkwEWi7RhTBCa9mYmiUDHMtuanSDN/JOW187ChIhw=="
    }
  }
}
